
Microsoft Visual Studio Solution File, Format Version 12.00
# Visual Studio Version 17
VisualStudioVersion = 17.4.33213.308
MinimumVisualStudioVersion = 10.0.40219.1
Project("{FAE04EC0-301F-11D3-BF4B-00C04F79EFBC}") = "Integration.Test", "Integration.Test\Integration.Test.csproj", "{FE9F7ED9-B0EA-44DB-B3F4-A6C204051CB2}"
EndProject
Project("{FAE04EC0-301F-11D3-BF4B-00C04F79EFBC}") = "Integration", "Integration\Integration.csproj", "{FBE333A2-6651-4723-9E61-1B92932D3C11}"
EndProject
Global
	GlobalSection(SolutionConfigurationPlatforms) = preSolution
		Debug|Any CPU = Debug|Any CPU
		Release|Any CPU = Release|Any CPU
	EndGlobalSection
	GlobalSection(ProjectConfigurationPlatforms) = postSolution
		{FE9F7ED9-B0EA-44DB-B3F4-A6C204051CB2}.Debug|Any CPU.ActiveCfg = Debug|Any CPU
		{FE9F7ED9-B0EA-44DB-B3F4-A6C204051CB2}.Debug|Any CPU.Build.0 = Debug|Any CPU
		{FE9F7ED9-B0EA-44DB-B3F4-A6C204051CB2}.Release|Any CPU.ActiveCfg = Release|Any CPU
		{FE9F7ED9-B0EA-44DB-B3F4-A6C204051CB2}.Release|Any CPU.Build.0 = Release|Any CPU
		{FBE333A2-6651-4723-9E61-1B92932D3C11}.Debug|Any CPU.ActiveCfg = Debug|Any CPU
		{FBE333A2-6651-4723-9E61-1B92932D3C11}.Debug|Any CPU.Build.0 = Debug|Any CPU
		{FBE333A2-6651-4723-9E61-1B92932D3C11}.Release|Any CPU.ActiveCfg = Release|Any CPU
		{FBE333A2-6651-4723-9E61-1B92932D3C11}.Release|Any CPU.Build.0 = Release|Any CPU
	EndGlobalSection
	GlobalSection(SolutionProperties) = preSolution
		HideSolutionNode = FALSE
	EndGlobalSection
	GlobalSection(ExtensibilityGlobals) = postSolution
		SolutionGuid = {0F58B82E-1086-41B3-8116-A04814BA646D}
	EndGlobalSection
EndGlobal
